
Microsoft Visual Studio Solution File, Format Version 12.00
# Visual Studio Version 16
VisualStudioVersion = 16.0.29613.14
MinimumVisualStudioVersion = 10.0.40219.1
Project("{FAE04EC0-301F-11D3-BF4B-00C04F79EFBC}") = "QuanLyNhanVien", "QuanLyNhanVien.csproj", "{B26D4FE1-C620-472B-8303-15097C0D5A86}"
EndProject
Global
	GlobalSection(SolutionConfigurationPlatforms) = preSolution
		Debug|Any CPU = Debug|Any CPU
		Release|Any CPU = Release|Any CPU
	EndGlobalSection
	GlobalSection(ProjectConfigurationPlatforms) = postSolution
		{B26D4FE1-C620-472B-8303-15097C0D5A86}.Debug|Any CPU.ActiveCfg = Debug|Any CPU
		{B26D4FE1-C620-472B-8303-15097C0D5A86}.Debug|Any CPU.Build.0 = Debug|Any CPU
		{B26D4FE1-C620-472B-8303-15097C0D5A86}.Release|Any CPU.ActiveCfg = Release|Any CPU
		{B26D4FE1-C620-472B-8303-15097C0D5A86}.Release|Any CPU.Build.0 = Release|Any CPU
	EndGlobalSection
	GlobalSection(SolutionProperties) = preSolution
		HideSolutionNode = FALSE
	EndGlobalSection
	GlobalSection(ExtensibilityGlobals) = postSolution
		SolutionGuid = {25D46613-12C2-4EFA-A211-B4278A8CE855}
	EndGlobalSection
EndGlobal
