
Microsoft Visual Studio Solution File, Format Version 12.00
# Visual Studio Version 16
VisualStudioVersion = 16.0.29613.14
MinimumVisualStudioVersion = 10.0.40219.1
Project("{FAE04EC0-301F-11D3-BF4B-00C04F79EFBC}") = "Chuong4_Buoi1", "Chuong4_Buoi1.csproj", "{6CBC4C8B-FFEB-49FC-A7E1-F5F86B504084}"
EndProject
Global
	GlobalSection(SolutionConfigurationPlatforms) = preSolution
		Debug|Any CPU = Debug|Any CPU
		Release|Any CPU = Release|Any CPU
	EndGlobalSection
	GlobalSection(ProjectConfigurationPlatforms) = postSolution
		{6CBC4C8B-FFEB-49FC-A7E1-F5F86B504084}.Debug|Any CPU.ActiveCfg = Debug|Any CPU
		{6CBC4C8B-FFEB-49FC-A7E1-F5F86B504084}.Debug|Any CPU.Build.0 = Debug|Any CPU
		{6CBC4C8B-FFEB-49FC-A7E1-F5F86B504084}.Release|Any CPU.ActiveCfg = Release|Any CPU
		{6CBC4C8B-FFEB-49FC-A7E1-F5F86B504084}.Release|Any CPU.Build.0 = Release|Any CPU
	EndGlobalSection
	GlobalSection(SolutionProperties) = preSolution
		HideSolutionNode = FALSE
	EndGlobalSection
	GlobalSection(ExtensibilityGlobals) = postSolution
		SolutionGuid = {11A40E20-790C-435B-90EE-852319EF168E}
	EndGlobalSection
EndGlobal
